// !$*UTF8*$!
{
	archiveVersion = 1;
	classes = {
	};
	objectVersion = 51;
	objects = {

/* Begin PBXBuildFile section */
		1F45779025765AFA0055DB7C /* Country.swift in Sources */ = {isa = PBXBuildFile; fileRef = 1F45778F25765AFA0055DB7C /* Country.swift */; };
		1F45779225765C320055DB7C /* CitySelectionViewController.swift in Sources */ = {isa = PBXBuildFile; fileRef = 1F45779125765C320055DB7C /* CitySelectionViewController.swift */; };
		1F45779425765E610055DB7C /* CountryServise.swift in Sources */ = {isa = PBXBuildFile; fileRef = 1F45779325765E610055DB7C /* CountryServise.swift */; };
		1F83481F257FBDE900D19B1B /* ToursViewController.swift in Sources */ = {isa = PBXBuildFile; fileRef = 1F83481E257FBDE900D19B1B /* ToursViewController.swift */; };
		1F834821257FD40500D19B1B /* CollectionCell.swift in Sources */ = {isa = PBXBuildFile; fileRef = 1F834820257FD40500D19B1B /* CollectionCell.swift */; };
		1F893EF5258902D70028D7C2 /* ErrorCollectionCell.swift in Sources */ = {isa = PBXBuildFile; fileRef = 1F893EF4258902D70028D7C2 /* ErrorCollectionCell.swift */; };
		1F977F162587799500E7CB7A /* Hotel.swift in Sources */ = {isa = PBXBuildFile; fileRef = 1F977F152587799500E7CB7A /* Hotel.swift */; };
		1FA0E3592575039500CDCB2C /* AppDelegate.swift in Sources */ = {isa = PBXBuildFile; fileRef = 1FA0E3582575039500CDCB2C /* AppDelegate.swift */; };
		1FA0E35B2575039500CDCB2C /* SceneDelegate.swift in Sources */ = {isa = PBXBuildFile; fileRef = 1FA0E35A2575039500CDCB2C /* SceneDelegate.swift */; };
		1FA0E35D2575039500CDCB2C /* ViewController.swift in Sources */ = {isa = PBXBuildFile; fileRef = 1FA0E35C2575039500CDCB2C /* ViewController.swift */; };
		1FA0E3602575039500CDCB2C /* Main.storyboard in Resources */ = {isa = PBXBuildFile; fileRef = 1FA0E35E2575039500CDCB2C /* Main.storyboard */; };
		1FA0E3622575039900CDCB2C /* Assets.xcassets in Resources */ = {isa = PBXBuildFile; fileRef = 1FA0E3612575039900CDCB2C /* Assets.xcassets */; };
		1FA0E3652575039900CDCB2C /* LaunchScreen.storyboard in Resources */ = {isa = PBXBuildFile; fileRef = 1FA0E3632575039900CDCB2C /* LaunchScreen.storyboard */; };
		637620D8677388797A171A43 /* Pods_OnlineTours.framework in Frameworks */ = {isa = PBXBuildFile; fileRef = 6B279770B644A0D4B7F6B86C /* Pods_OnlineTours.framework */; };
/* End PBXBuildFile section */

/* Begin PBXFileReference section */
		1B1175A65793F15CF1547CB6 /* Pods-Test1.release.xcconfig */ = {isa = PBXFileReference; includeInIndex = 1; lastKnownFileType = text.xcconfig; name = "Pods-Test1.release.xcconfig"; path = "Target Support Files/Pods-Test1/Pods-Test1.release.xcconfig"; sourceTree = "<group>"; };
		1F45778F25765AFA0055DB7C /* Country.swift */ = {isa = PBXFileReference; lastKnownFileType = sourcecode.swift; path = Country.swift; sourceTree = "<group>"; };
		1F45779125765C320055DB7C /* CitySelectionViewController.swift */ = {isa = PBXFileReference; lastKnownFileType = sourcecode.swift; path = CitySelectionViewController.swift; sourceTree = "<group>"; };
		1F45779325765E610055DB7C /* CountryServise.swift */ = {isa = PBXFileReference; lastKnownFileType = sourcecode.swift; path = CountryServise.swift; sourceTree = "<group>"; };
		1F83481E257FBDE900D19B1B /* ToursViewController.swift */ = {isa = PBXFileReference; lastKnownFileType = sourcecode.swift; path = ToursViewController.swift; sourceTree = "<group>"; };
		1F834820257FD40500D19B1B /* CollectionCell.swift */ = {isa = PBXFileReference; lastKnownFileType = sourcecode.swift; path = CollectionCell.swift; sourceTree = "<group>"; };
		1F893EF4258902D70028D7C2 /* ErrorCollectionCell.swift */ = {isa = PBXFileReference; lastKnownFileType = sourcecode.swift; path = ErrorCollectionCell.swift; sourceTree = "<group>"; };
		1F977F152587799500E7CB7A /* Hotel.swift */ = {isa = PBXFileReference; lastKnownFileType = sourcecode.swift; path = Hotel.swift; sourceTree = "<group>"; };
		1F9C8A3C9288453586F849EB /* Pods-OnlineTours.debug.xcconfig */ = {isa = PBXFileReference; includeInIndex = 1; lastKnownFileType = text.xcconfig; name = "Pods-OnlineTours.debug.xcconfig"; path = "Target Support Files/Pods-OnlineTours/Pods-OnlineTours.debug.xcconfig"; sourceTree = "<group>"; };
		1FA0E3552575039500CDCB2C /* OnlineTours.app */ = {isa = PBXFileReference; explicitFileType = wrapper.application; includeInIndex = 0; path = OnlineTours.app; sourceTree = BUILT_PRODUCTS_DIR; };
		1FA0E3582575039500CDCB2C /* AppDelegate.swift */ = {isa = PBXFileReference; lastKnownFileType = sourcecode.swift; path = AppDelegate.swift; sourceTree = "<group>"; };
		1FA0E35A2575039500CDCB2C /* SceneDelegate.swift */ = {isa = PBXFileReference; lastKnownFileType = sourcecode.swift; path = SceneDelegate.swift; sourceTree = "<group>"; };
		1FA0E35C2575039500CDCB2C /* ViewController.swift */ = {isa = PBXFileReference; lastKnownFileType = sourcecode.swift; path = ViewController.swift; sourceTree = "<group>"; };
		1FA0E35F2575039500CDCB2C /* Base */ = {isa = PBXFileReference; lastKnownFileType = file.storyboard; name = Base; path = Base.lproj/Main.storyboard; sourceTree = "<group>"; };
		1FA0E3612575039900CDCB2C /* Assets.xcassets */ = {isa = PBXFileReference; lastKnownFileType = folder.assetcatalog; path = Assets.xcassets; sourceTree = "<group>"; };
		1FA0E3642575039900CDCB2C /* Base */ = {isa = PBXFileReference; lastKnownFileType = file.storyboard; name = Base; path = Base.lproj/LaunchScreen.storyboard; sourceTree = "<group>"; };
		1FA0E3662575039900CDCB2C /* Info.plist */ = {isa = PBXFileReference; lastKnownFileType = text.plist.xml; path = Info.plist; sourceTree = "<group>"; };
		3CE83934F4DEF8283C35E0AA /* Pods-Test1.debug.xcconfig */ = {isa = PBXFileReference; includeInIndex = 1; lastKnownFileType = text.xcconfig; name = "Pods-Test1.debug.xcconfig"; path = "Target Support Files/Pods-Test1/Pods-Test1.debug.xcconfig"; sourceTree = "<group>"; };
		62C5AE49EEC119E698BABB97 /* Pods-OnlineTours.release.xcconfig */ = {isa = PBXFileReference; includeInIndex = 1; lastKnownFileType = text.xcconfig; name = "Pods-OnlineTours.release.xcconfig"; path = "Target Support Files/Pods-OnlineTours/Pods-OnlineTours.release.xcconfig"; sourceTree = "<group>"; };
		6B279770B644A0D4B7F6B86C /* Pods_OnlineTours.framework */ = {isa = PBXFileReference; explicitFileType = wrapper.framework; includeInIndex = 0; path = Pods_OnlineTours.framework; sourceTree = BUILT_PRODUCTS_DIR; };
/* End PBXFileReference section */

/* Begin PBXFrameworksBuildPhase section */
		1FA0E3522575039500CDCB2C /* Frameworks */ = {
			isa = PBXFrameworksBuildPhase;
			buildActionMask = 2147483647;
			files = (
				637620D8677388797A171A43 /* Pods_OnlineTours.framework in Frameworks */,
			);
			runOnlyForDeploymentPostprocessing = 0;
		};
/* End PBXFrameworksBuildPhase section */

/* Begin PBXGroup section */
		1FA0E34C2575039500CDCB2C = {
			isa = PBXGroup;
			children = (
				1FA0E3572575039500CDCB2C /* OnlineTours */,
				1FA0E3562575039500CDCB2C /* Products */,
				ED9F8A09961516EEC2542F92 /* Pods */,
				60CC03E71CA292EAB15404D0 /* Frameworks */,
			);
			sourceTree = "<group>";
		};
		1FA0E3562575039500CDCB2C /* Products */ = {
			isa = PBXGroup;
			children = (
				1FA0E3552575039500CDCB2C /* OnlineTours.app */,
			);
			name = Products;
			sourceTree = "<group>";
		};
		1FA0E3572575039500CDCB2C /* OnlineTours */ = {
			isa = PBXGroup;
			children = (
				1FA0E3582575039500CDCB2C /* AppDelegate.swift */,
				1FA0E35A2575039500CDCB2C /* SceneDelegate.swift */,
				1FA0E35C2575039500CDCB2C /* ViewController.swift */,
				1F45778F25765AFA0055DB7C /* Country.swift */,
				1F977F152587799500E7CB7A /* Hotel.swift */,
				1F45779125765C320055DB7C /* CitySelectionViewController.swift */,
				1F45779325765E610055DB7C /* CountryServise.swift */,
				1F83481E257FBDE900D19B1B /* ToursViewController.swift */,
				1F834820257FD40500D19B1B /* CollectionCell.swift */,
				1F893EF4258902D70028D7C2 /* ErrorCollectionCell.swift */,
				1FA0E35E2575039500CDCB2C /* Main.storyboard */,
				1FA0E3612575039900CDCB2C /* Assets.xcassets */,
				1FA0E3632575039900CDCB2C /* LaunchScreen.storyboard */,
				1FA0E3662575039900CDCB2C /* Info.plist */,
			);
			path = OnlineTours;
			sourceTree = "<group>";
		};
		60CC03E71CA292EAB15404D0 /* Frameworks */ = {
			isa = PBXGroup;
			children = (
				6B279770B644A0D4B7F6B86C /* Pods_OnlineTours.framework */,
			);
			name = Frameworks;
			sourceTree = "<group>";
		};
		ED9F8A09961516EEC2542F92 /* Pods */ = {
			isa = PBXGroup;
			children = (
				3CE83934F4DEF8283C35E0AA /* Pods-Test1.debug.xcconfig */,
				1B1175A65793F15CF1547CB6 /* Pods-Test1.release.xcconfig */,
				1F9C8A3C9288453586F849EB /* Pods-OnlineTours.debug.xcconfig */,
				62C5AE49EEC119E698BABB97 /* Pods-OnlineTours.release.xcconfig */,
			);
			path = Pods;
			sourceTree = "<group>";
		};
/* End PBXGroup section */

/* Begin PBXNativeTarget section */
		1FA0E3542575039500CDCB2C /* OnlineTours */ = {
			isa = PBXNativeTarget;
			buildConfigurationList = 1FA0E37F2575039900CDCB2C /* Build configuration list for PBXNativeTarget "OnlineTours" */;
			buildPhases = (
				DAF5044138C70CFAEAF3E865 /* [CP] Check Pods Manifest.lock */,
				1FA0E3512575039500CDCB2C /* Sources */,
				1FA0E3522575039500CDCB2C /* Frameworks */,
				1FA0E3532575039500CDCB2C /* Resources */,
				60A36C434B899CCDA5356EB6 /* [CP] Embed Pods Frameworks */,
			);
			buildRules = (
			);
			dependencies = (
			);
			name = OnlineTours;
			productName = Test1;
			productReference = 1FA0E3552575039500CDCB2C /* OnlineTours.app */;
			productType = "com.apple.product-type.application";
		};
/* End PBXNativeTarget section */

/* Begin PBXProject section */
		1FA0E34D2575039500CDCB2C /* Project object */ = {
			isa = PBXProject;
			attributes = {
				LastSwiftUpdateCheck = 1160;
				LastUpgradeCheck = 1160;
				ORGANIZATIONNAME = "Танчик";
				TargetAttributes = {
					1FA0E3542575039500CDCB2C = {
						CreatedOnToolsVersion = 11.6;
					};
				};
			};
			buildConfigurationList = 1FA0E3502575039500CDCB2C /* Build configuration list for PBXProject "OnlineTours" */;
			compatibilityVersion = "Xcode 9.3";
			developmentRegion = en;
			hasScannedForEncodings = 0;
			knownRegions = (
				en,
				Base,
			);
			mainGroup = 1FA0E34C2575039500CDCB2C;
			productRefGroup = 1FA0E3562575039500CDCB2C /* Products */;
			projectDirPath = "";
			projectRoot = "";
			targets = (
				1FA0E3542575039500CDCB2C /* OnlineTours */,
			);
		};
/* End PBXProject section */

/* Begin PBXResourcesBuildPhase section */
		1FA0E3532575039500CDCB2C /* Resources */ = {
			isa = PBXResourcesBuildPhase;
			buildActionMask = 2147483647;
			files = (
				1FA0E3652575039900CDCB2C /* LaunchScreen.storyboard in Resources */,
				1FA0E3622575039900CDCB2C /* Assets.xcassets in Resources */,
				1FA0E3602575039500CDCB2C /* Main.storyboard in Resources */,
			);
			runOnlyForDeploymentPostprocessing = 0;
		};
/* End PBXResourcesBuildPhase section */

/* Begin PBXShellScriptBuildPhase section */
		60A36C434B899CCDA5356EB6 /* [CP] Embed Pods Frameworks */ = {
			isa = PBXShellScriptBuildPhase;
			buildActionMask = 2147483647;
			files = (
			);
			inputFileListPaths = (
				"${PODS_ROOT}/Target Support Files/Pods-OnlineTours/Pods-OnlineTours-frameworks-${CONFIGURATION}-input-files.xcfilelist",
			);
			name = "[CP] Embed Pods Frameworks";
			outputFileListPaths = (
				"${PODS_ROOT}/Target Support Files/Pods-OnlineTours/Pods-OnlineTours-frameworks-${CONFIGURATION}-output-files.xcfilelist",
			);
			runOnlyForDeploymentPostprocessing = 0;
			shellPath = /bin/sh;
			shellScript = "\"${PODS_ROOT}/Target Support Files/Pods-OnlineTours/Pods-OnlineTours-frameworks.sh\"\n";
			showEnvVarsInLog = 0;
		};
		DAF5044138C70CFAEAF3E865 /* [CP] Check Pods Manifest.lock */ = {
			isa = PBXShellScriptBuildPhase;
			buildActionMask = 2147483647;
			files = (
			);
			inputFileListPaths = (
			);
			inputPaths = (
				"${PODS_PODFILE_DIR_PATH}/Podfile.lock",
				"${PODS_ROOT}/Manifest.lock",
			);
			name = "[CP] Check Pods Manifest.lock";
			outputFileListPaths = (
			);
			outputPaths = (
				"$(DERIVED_FILE_DIR)/Pods-OnlineTours-checkManifestLockResult.txt",
			);
			runOnlyForDeploymentPostprocessing = 0;
			shellPath = /bin/sh;
			shellScript = "diff \"${PODS_PODFILE_DIR_PATH}/Podfile.lock\" \"${PODS_ROOT}/Manifest.lock\" > /dev/null\nif [ $? != 0 ] ; then\n    # print error to STDERR\n    echo \"error: The sandbox is not in sync with the Podfile.lock. Run 'pod install' or update your CocoaPods installation.\" >&2\n    exit 1\nfi\n# This output is used by Xcode 'outputs' to avoid re-running this script phase.\necho \"SUCCESS\" > \"${SCRIPT_OUTPUT_FILE_0}\"\n";
			showEnvVarsInLog = 0;
		};
/* End PBXShellScriptBuildPhase section */

/* Begin PBXSourcesBuildPhase section */
		1FA0E3512575039500CDCB2C /* Sources */ = {
			isa = PBXSourcesBuildPhase;
			buildActionMask = 2147483647;
			files = (
				1F45779025765AFA0055DB7C /* Country.swift in Sources */,
				1FA0E35D2575039500CDCB2C /* ViewController.swift in Sources */,
				1F893EF5258902D70028D7C2 /* ErrorCollectionCell.swift in Sources */,
				1F45779425765E610055DB7C /* CountryServise.swift in Sources */,
				1F977F162587799500E7CB7A /* Hotel.swift in Sources */,
				1F834821257FD40500D19B1B /* CollectionCell.swift in Sources */,
				1F45779225765C320055DB7C /* CitySelectionViewController.swift in Sources */,
				1FA0E3592575039500CDCB2C /* AppDelegate.swift in Sources */,
				1F83481F257FBDE900D19B1B /* ToursViewController.swift in Sources */,
				1FA0E35B2575039500CDCB2C /* SceneDelegate.swift in Sources */,
			);
			runOnlyForDeploymentPostprocessing = 0;
		};
/* End PBXSourcesBuildPhase section */

/* Begin PBXVariantGroup section */
		1FA0E35E2575039500CDCB2C /* Main.storyboard */ = {
			isa = PBXVariantGroup;
			children = (
				1FA0E35F2575039500CDCB2C /* Base */,
			);
			name = Main.storyboard;
			sourceTree = "<group>";
		};
		1FA0E3632575039900CDCB2C /* LaunchScreen.storyboard */ = {
			isa = PBXVariantGroup;
			children = (
				1FA0E3642575039900CDCB2C /* Base */,
			);
			name = LaunchScreen.storyboard;
			sourceTree = "<group>";
		};
/* End PBXVariantGroup section */

/* Begin XCBuildConfiguration section */
		1FA0E37D2575039900CDCB2C /* Debug */ = {
			isa = XCBuildConfiguration;
			buildSettings = {
				ALWAYS_SEARCH_USER_PATHS = NO;
				CLANG_ANALYZER_NONNULL = YES;
				CLANG_ANALYZER_NUMBER_OBJECT_CONVERSION = YES_AGGRESSIVE;
				CLANG_CXX_LANGUAGE_STANDARD = "gnu++14";
				CLANG_CXX_LIBRARY = "libc++";
				CLANG_ENABLE_MODULES = YES;
				CLANG_ENABLE_OBJC_ARC = YES;
				CLANG_ENABLE_OBJC_WEAK = YES;
				CLANG_WARN_BLOCK_CAPTURE_AUTORELEASING = YES;
				CLANG_WARN_BOOL_CONVERSION = YES;
				CLANG_WARN_COMMA = YES;
				CLANG_WARN_CONSTANT_CONVERSION = YES;
				CLANG_WARN_DEPRECATED_OBJC_IMPLEMENTATIONS = YES;
				CLANG_WARN_DIRECT_OBJC_ISA_USAGE = YES_ERROR;
				CLANG_WARN_DOCUMENTATION_COMMENTS = YES;
				CLANG_WARN_EMPTY_BODY = YES;
				CLANG_WARN_ENUM_CONVERSION = YES;
				CLANG_WARN_INFINITE_RECURSION = YES;
				CLANG_WARN_INT_CONVERSION = YES;
				CLANG_WARN_NON_LITERAL_NULL_CONVERSION = YES;
				CLANG_WARN_OBJC_IMPLICIT_RETAIN_SELF = YES;
				CLANG_WARN_OBJC_LITERAL_CONVERSION = YES;
				CLANG_WARN_OBJC_ROOT_CLASS = YES_ERROR;
				CLANG_WARN_RANGE_LOOP_ANALYSIS = YES;
				CLANG_WARN_STRICT_PROTOTYPES = YES;
				CLANG_WARN_SUSPICIOUS_MOVE = YES;
				CLANG_WARN_UNGUARDED_AVAILABILITY = YES_AGGRESSIVE;
				CLANG_WARN_UNREACHABLE_CODE = YES;
				CLANG_WARN__DUPLICATE_METHOD_MATCH = YES;
				COPY_PHASE_STRIP = NO;
				DEBUG_INFORMATION_FORMAT = dwarf;
				ENABLE_STRICT_OBJC_MSGSEND = YES;
				ENABLE_TESTABILITY = YES;
				GCC_C_LANGUAGE_STANDARD = gnu11;
				GCC_DYNAMIC_NO_PIC = NO;
				GCC_NO_COMMON_BLOCKS = YES;
				GCC_OPTIMIZATION_LEVEL = 0;
				GCC_PREPROCESSOR_DEFINITIONS = (
					"DEBUG=1",
					"$(inherited)",
				);
				GCC_WARN_64_TO_32_BIT_CONVERSION = YES;
				GCC_WARN_ABOUT_RETURN_TYPE = YES_ERROR;
				GCC_WARN_UNDECLARED_SELECTOR = YES;
				GCC_WARN_UNINITIALIZED_AUTOS = YES_AGGRESSIVE;
				GCC_WARN_UNUSED_FUNCTION = YES;
				GCC_WARN_UNUSED_VARIABLE = YES;
				IPHONEOS_DEPLOYMENT_TARGET = 13.6;
				MTL_ENABLE_DEBUG_INFO = INCLUDE_SOURCE;
				MTL_FAST_MATH = YES;
				ONLY_ACTIVE_ARCH = YES;
				SDKROOT = iphoneos;
				SWIFT_ACTIVE_COMPILATION_CONDITIONS = DEBUG;
				SWIFT_OPTIMIZATION_LEVEL = "-Onone";
			};
			name = Debug;
		};
		1FA0E37E2575039900CDCB2C /* Release */ = {
			isa = XCBuildConfiguration;
			buildSettings = {
				ALWAYS_SEARCH_USER_PATHS = NO;
				CLANG_ANALYZER_NONNULL = YES;
				CLANG_ANALYZER_NUMBER_OBJECT_CONVERSION = YES_AGGRESSIVE;
				CLANG_CXX_LANGUAGE_STANDARD = "gnu++14";
				CLANG_CXX_LIBRARY = "libc++";
				CLANG_ENABLE_MODULES = YES;
				CLANG_ENABLE_OBJC_ARC = YES;
				CLANG_ENABLE_OBJC_WEAK = YES;
				CLANG_WARN_BLOCK_CAPTURE_AUTORELEASING = YES;
				CLANG_WARN_BOOL_CONVERSION = YES;
				CLANG_WARN_COMMA = YES;
				CLANG_WARN_CONSTANT_CONVERSION = YES;
				CLANG_WARN_DEPRECATED_OBJC_IMPLEMENTATIONS = YES;
				CLANG_WARN_DIRECT_OBJC_ISA_USAGE = YES_ERROR;
				CLANG_WARN_DOCUMENTATION_COMMENTS = YES;
				CLANG_WARN_EMPTY_BODY = YES;
				CLANG_WARN_ENUM_CONVERSION = YES;
				CLANG_WARN_INFINITE_RECURSION = YES;
				CLANG_WARN_INT_CONVERSION = YES;
				CLANG_WARN_NON_LITERAL_NULL_CONVERSION = YES;
				CLANG_WARN_OBJC_IMPLICIT_RETAIN_SELF = YES;
				CLANG_WARN_OBJC_LITERAL_CONVERSION = YES;
				CLANG_WARN_OBJC_ROOT_CLASS = YES_ERROR;
				CLANG_WARN_RANGE_LOOP_ANALYSIS = YES;
				CLANG_WARN_STRICT_PROTOTYPES = YES;
				CLANG_WARN_SUSPICIOUS_MOVE = YES;
				CLANG_WARN_UNGUARDED_AVAILABILITY = YES_AGGRESSIVE;
				CLANG_WARN_UNREACHABLE_CODE = YES;
				CLANG_WARN__DUPLICATE_METHOD_MATCH = YES;
				COPY_PHASE_STRIP = NO;
				DEBUG_INFORMATION_FORMAT = "dwarf-with-dsym";
				ENABLE_NS_ASSERTIONS = NO;
				ENABLE_STRICT_OBJC_MSGSEND = YES;
				GCC_C_LANGUAGE_STANDARD = gnu11;
				GCC_NO_COMMON_BLOCKS = YES;
				GCC_WARN_64_TO_32_BIT_CONVERSION = YES;
				GCC_WARN_ABOUT_RETURN_TYPE = YES_ERROR;
				GCC_WARN_UNDECLARED_SELECTOR = YES;
				GCC_WARN_UNINITIALIZED_AUTOS = YES_AGGRESSIVE;
				GCC_WARN_UNUSED_FUNCTION = YES;
				GCC_WARN_UNUSED_VARIABLE = YES;
				IPHONEOS_DEPLOYMENT_TARGET = 13.6;
				MTL_ENABLE_DEBUG_INFO = NO;
				MTL_FAST_MATH = YES;
				SDKROOT = iphoneos;
				SWIFT_COMPILATION_MODE = wholemodule;
				SWIFT_OPTIMIZATION_LEVEL = "-O";
				VALIDATE_PRODUCT = YES;
			};
			name = Release;
		};
		1FA0E3802575039900CDCB2C /* Debug */ = {
			isa = XCBuildConfiguration;
			baseConfigurationReference = 1F9C8A3C9288453586F849EB /* Pods-OnlineTours.debug.xcconfig */;
			buildSettings = {
				ASSETCATALOG_COMPILER_APPICON_NAME = AppIcon;
				CODE_SIGN_STYLE = Automatic;
				INFOPLIST_FILE = OnlineTours/Info.plist;
				LD_RUNPATH_SEARCH_PATHS = (
					"$(inherited)",
					"@executable_path/Frameworks",
				);
				PRODUCT_BUNDLE_IDENTIFIER = "com.tanchik.online-tours";
				PRODUCT_NAME = "$(TARGET_NAME)";
				SWIFT_VERSION = 5.0;
				TARGETED_DEVICE_FAMILY = "1,2";
			};
			name = Debug;
		};
		1FA0E3812575039900CDCB2C /* Release */ = {
			isa = XCBuildConfiguration;
			baseConfigurationReference = 62C5AE49EEC119E698BABB97 /* Pods-OnlineTours.release.xcconfig */;
			buildSettings = {
				ASSETCATALOG_COMPILER_APPICON_NAME = AppIcon;
				CODE_SIGN_STYLE = Automatic;
				INFOPLIST_FILE = OnlineTours/Info.plist;
				LD_RUNPATH_SEARCH_PATHS = (
					"$(inherited)",
					"@executable_path/Frameworks",
				);
				PRODUCT_BUNDLE_IDENTIFIER = "com.tanchik.online-tours";
				PRODUCT_NAME = "$(TARGET_NAME)";
				SWIFT_VERSION = 5.0;
				TARGETED_DEVICE_FAMILY = "1,2";
			};
			name = Release;
		};
/* End XCBuildConfiguration section */

/* Begin XCConfigurationList section */
		1FA0E3502575039500CDCB2C /* Build configuration list for PBXProject "OnlineTours" */ = {
			isa = XCConfigurationList;
			buildConfigurations = (
				1FA0E37D2575039900CDCB2C /* Debug */,
				1FA0E37E2575039900CDCB2C /* Release */,
			);
			defaultConfigurationIsVisible = 0;
			defaultConfigurationName = Release;
		};
		1FA0E37F2575039900CDCB2C /* Build configuration list for PBXNativeTarget "OnlineTours" */ = {
			isa = XCConfigurationList;
			buildConfigurations = (
				1FA0E3802575039900CDCB2C /* Debug */,
				1FA0E3812575039900CDCB2C /* Release */,
			);
			defaultConfigurationIsVisible = 0;
			defaultConfigurationName = Release;
		};
/* End XCConfigurationList section */
	};
	rootObject = 1FA0E34D2575039500CDCB2C /* Project object */;
}
